
Microsoft Visual Studio Solution File, Format Version 12.00
# Visual Studio Version 17
VisualStudioVersion = 17.6.33829.357
MinimumVisualStudioVersion = 10.0.40219.1
Project("{9A19103F-16F7-4668-BE54-9A1E7A4F7556}") = "MonShop.Controller", "MonShop.Controller\MonShop.Controller.csproj", "{8CD22F82-31D5-41C1-907A-937FCCABFADE}"
EndProject
Project("{9A19103F-16F7-4668-BE54-9A1E7A4F7556}") = "MonShop.Library", "MonShop.Library\MonShop.Library.csproj", "{F25415AF-8D9A-4F43-AB15-CB7C5D969CA9}"
EndProject
Project("{9A19103F-16F7-4668-BE54-9A1E7A4F7556}") = "MonShop.Payment", "MonShop.Payment\MonShop.Payment.csproj", "{5782319E-6354-4551-8E94-9FF4D2241FDB}"
EndProject
Project("{9A19103F-16F7-4668-BE54-9A1E7A4F7556}") = "MonShop.Realtime", "MonShop.Realtime\MonShop.Realtime.csproj", "{52B04BF0-53D1-4B44-8A8A-7960CF8BEEC3}"
EndProject
Global
	GlobalSection(SolutionConfigurationPlatforms) = preSolution
		Debug|Any CPU = Debug|Any CPU
		Release|Any CPU = Release|Any CPU
	EndGlobalSection
	GlobalSection(ProjectConfigurationPlatforms) = postSolution
		{8CD22F82-31D5-41C1-907A-937FCCABFADE}.Debug|Any CPU.ActiveCfg = Debug|Any CPU
		{8CD22F82-31D5-41C1-907A-937FCCABFADE}.Debug|Any CPU.Build.0 = Debug|Any CPU
		{8CD22F82-31D5-41C1-907A-937FCCABFADE}.Release|Any CPU.ActiveCfg = Release|Any CPU
		{8CD22F82-31D5-41C1-907A-937FCCABFADE}.Release|Any CPU.Build.0 = Release|Any CPU
		{F25415AF-8D9A-4F43-AB15-CB7C5D969CA9}.Debug|Any CPU.ActiveCfg = Debug|Any CPU
		{F25415AF-8D9A-4F43-AB15-CB7C5D969CA9}.Debug|Any CPU.Build.0 = Debug|Any CPU
		{F25415AF-8D9A-4F43-AB15-CB7C5D969CA9}.Release|Any CPU.ActiveCfg = Release|Any CPU
		{F25415AF-8D9A-4F43-AB15-CB7C5D969CA9}.Release|Any CPU.Build.0 = Release|Any CPU
		{5782319E-6354-4551-8E94-9FF4D2241FDB}.Debug|Any CPU.ActiveCfg = Debug|Any CPU
		{5782319E-6354-4551-8E94-9FF4D2241FDB}.Debug|Any CPU.Build.0 = Debug|Any CPU
		{5782319E-6354-4551-8E94-9FF4D2241FDB}.Release|Any CPU.ActiveCfg = Release|Any CPU
		{5782319E-6354-4551-8E94-9FF4D2241FDB}.Release|Any CPU.Build.0 = Release|Any CPU
		{52B04BF0-53D1-4B44-8A8A-7960CF8BEEC3}.Debug|Any CPU.ActiveCfg = Debug|Any CPU
		{52B04BF0-53D1-4B44-8A8A-7960CF8BEEC3}.Debug|Any CPU.Build.0 = Debug|Any CPU
		{52B04BF0-53D1-4B44-8A8A-7960CF8BEEC3}.Release|Any CPU.ActiveCfg = Release|Any CPU
		{52B04BF0-53D1-4B44-8A8A-7960CF8BEEC3}.Release|Any CPU.Build.0 = Release|Any CPU
	EndGlobalSection
	GlobalSection(SolutionProperties) = preSolution
		HideSolutionNode = FALSE
	EndGlobalSection
	GlobalSection(ExtensibilityGlobals) = postSolution
		SolutionGuid = {03BF4105-5CF3-4FFC-A9ED-7B3522BEF590}
	EndGlobalSection
EndGlobal
